
Microsoft Visual Studio Solution File, Format Version 12.00
# Visual Studio 14
VisualStudioVersion = 14.0.25420.1
MinimumVisualStudioVersion = 10.0.40219.1
Project("{FAE04EC0-301F-11D3-BF4B-00C04F79EFBC}") = "ClassDiagram", "ClassDiagram\ClassDiagram.csproj", "{BC95B1A7-E70F-4953-9542-86039FE4FF7A}"
EndProject
Project("{FAE04EC0-301F-11D3-BF4B-00C04F79EFBC}") = "ClassDiagram.Model", "ClassModel.Model\ClassDiagram.Model.csproj", "{4E105963-D3AA-46D4-964F-5EE12895FE9C}"
EndProject
Project("{FAE04EC0-301F-11D3-BF4B-00C04F79EFBC}") = "ClassDiagram.Test", "ClassDiagram.Test\ClassDiagram.Test.csproj", "{7E6212A3-54F9-418B-8118-F4E053BC3EAB}"
EndProject
Global
	GlobalSection(SolutionConfigurationPlatforms) = preSolution
		Debug|Any CPU = Debug|Any CPU
		Release|Any CPU = Release|Any CPU
	EndGlobalSection
	GlobalSection(ProjectConfigurationPlatforms) = postSolution
		{BC95B1A7-E70F-4953-9542-86039FE4FF7A}.Debug|Any CPU.ActiveCfg = Debug|Any CPU
		{BC95B1A7-E70F-4953-9542-86039FE4FF7A}.Debug|Any CPU.Build.0 = Debug|Any CPU
		{BC95B1A7-E70F-4953-9542-86039FE4FF7A}.Release|Any CPU.ActiveCfg = Release|Any CPU
		{BC95B1A7-E70F-4953-9542-86039FE4FF7A}.Release|Any CPU.Build.0 = Release|Any CPU
		{4E105963-D3AA-46D4-964F-5EE12895FE9C}.Debug|Any CPU.ActiveCfg = Debug|Any CPU
		{4E105963-D3AA-46D4-964F-5EE12895FE9C}.Debug|Any CPU.Build.0 = Debug|Any CPU
		{4E105963-D3AA-46D4-964F-5EE12895FE9C}.Release|Any CPU.ActiveCfg = Release|Any CPU
		{4E105963-D3AA-46D4-964F-5EE12895FE9C}.Release|Any CPU.Build.0 = Release|Any CPU
		{7E6212A3-54F9-418B-8118-F4E053BC3EAB}.Debug|Any CPU.ActiveCfg = Debug|Any CPU
		{7E6212A3-54F9-418B-8118-F4E053BC3EAB}.Debug|Any CPU.Build.0 = Debug|Any CPU
		{7E6212A3-54F9-418B-8118-F4E053BC3EAB}.Release|Any CPU.ActiveCfg = Release|Any CPU
		{7E6212A3-54F9-418B-8118-F4E053BC3EAB}.Release|Any CPU.Build.0 = Release|Any CPU
	EndGlobalSection
	GlobalSection(SolutionProperties) = preSolution
		HideSolutionNode = FALSE
	EndGlobalSection
EndGlobal
